Microsoft Visual Studio Solution File, Format Version 9.00
# Visual Studio 2005
Project("{FAE04EC0-301F-11D3-BF4B-00C04F79EFBC}") = "NetCams", "NetCams.csproj", "{45B45D15-8BBC-493B-A2B8-DC86301CB17B}"
	ProjectSection(ProjectDependencies) = postProject
		{C75532C4-765B-418E-B09B-46D36B2ABDB1} = {C75532C4-765B-418E-B09B-46D36B2ABDB1}
	EndProjectSection
EndProject
Project("{54435603-DBB4-11D2-8724-00A0C9A8B90C}") = "Setup", "Setup\Setup.vdproj", "{78EDD63D-FDA1-4C80-B6CE-34B420AA6740}"
EndProject
Project("{112FAB98-8405-442A-A09B-9B0FF2F82A7B}") = "GetDotfuscated", "..\GetDotfuscated\GetDotfuscated.dotfuproj", "{06025137-6773-41FA-8861-1685A4DAA59E}"
EndProject
Project("{FAE04EC0-301F-11D3-BF4B-00C04F79EFBC}") = "WinFormsUI", "..\..\..\Libraries\DockPanel_2_2_Source\Src\WinFormsUI\WinFormsUI.csproj", "{C75532C4-765B-418E-B09B-46D36B2ABDB1}"
EndProject
Global
	GlobalSection(SolutionConfigurationPlatforms) = preSolution
		Debug|Any CPU = Debug|Any CPU
		Release|Any CPU = Release|Any CPU
		Test|Any CPU = Test|Any CPU
	EndGlobalSection
	GlobalSection(ProjectConfigurationPlatforms) = postSolution
		{45B45D15-8BBC-493B-A2B8-DC86301CB17B}.Debug|Any CPU.ActiveCfg = Debug|Any CPU
		{45B45D15-8BBC-493B-A2B8-DC86301CB17B}.Debug|Any CPU.Build.0 = Debug|Any CPU
		{45B45D15-8BBC-493B-A2B8-DC86301CB17B}.Release|Any CPU.ActiveCfg = Release|Any CPU
		{45B45D15-8BBC-493B-A2B8-DC86301CB17B}.Release|Any CPU.Build.0 = Release|Any CPU
		{45B45D15-8BBC-493B-A2B8-DC86301CB17B}.Test|Any CPU.ActiveCfg = Release|Any CPU
		{45B45D15-8BBC-493B-A2B8-DC86301CB17B}.Test|Any CPU.Build.0 = Release|Any CPU
		{78EDD63D-FDA1-4C80-B6CE-34B420AA6740}.Debug|Any CPU.ActiveCfg = Debug
		{78EDD63D-FDA1-4C80-B6CE-34B420AA6740}.Release|Any CPU.ActiveCfg = Release
		{78EDD63D-FDA1-4C80-B6CE-34B420AA6740}.Test|Any CPU.ActiveCfg = Release
		{78EDD63D-FDA1-4C80-B6CE-34B420AA6740}.Test|Any CPU.Build.0 = Release
		{06025137-6773-41FA-8861-1685A4DAA59E}.Debug|Any CPU.ActiveCfg = Debug
		{06025137-6773-41FA-8861-1685A4DAA59E}.Release|Any CPU.ActiveCfg = Release
		{06025137-6773-41FA-8861-1685A4DAA59E}.Release|Any CPU.Build.0 = Release
		{06025137-6773-41FA-8861-1685A4DAA59E}.Test|Any CPU.ActiveCfg = Release
		{06025137-6773-41FA-8861-1685A4DAA59E}.Test|Any CPU.Build.0 = Release
		{C75532C4-765B-418E-B09B-46D36B2ABDB1}.Debug|Any CPU.ActiveCfg = Debug|Any CPU
		{C75532C4-765B-418E-B09B-46D36B2ABDB1}.Debug|Any CPU.Build.0 = Debug|Any CPU
		{C75532C4-765B-418E-B09B-46D36B2ABDB1}.Release|Any CPU.ActiveCfg = Release|Any CPU
		{C75532C4-765B-418E-B09B-46D36B2ABDB1}.Release|Any CPU.Build.0 = Release|Any CPU
		{C75532C4-765B-418E-B09B-46D36B2ABDB1}.Test|Any CPU.ActiveCfg = Release|Any CPU
		{C75532C4-765B-418E-B09B-46D36B2ABDB1}.Test|Any CPU.Build.0 = Release|Any CPU
	EndGlobalSection
	GlobalSection(SolutionProperties) = preSolution
		HideSolutionNode = FALSE
	EndGlobalSection
EndGlobal
